
Microsoft Visual Studio Solution File, Format Version 12.00
# Visual Studio Version 16
VisualStudioVersion = 16.0.30517.126
MinimumVisualStudioVersion = 10.0.40219.1
Project("{FAE04EC0-301F-11D3-BF4B-00C04F79EFBC}") = "InternetAuction.DAL", "InternetAuction.DAL\InternetAuction.DAL.csproj", "{475F1D16-27B5-4A6D-BB4A-F2B241CF1F2A}"
EndProject
Project("{2150E333-8FDC-42A3-9474-1A3956D46DE8}") = "tests", "tests", "{3831D756-D8C0-4E9E-AFB2-351AF48CF4B7}"
EndProject
Project("{FAE04EC0-301F-11D3-BF4B-00C04F79EFBC}") = "InternetAuction.DAL.Tests", "InternetAuction.DAL.Tests\InternetAuction.DAL.Tests.csproj", "{080EA47B-2854-4560-BCF5-118779247A6F}"
EndProject
Global
	GlobalSection(SolutionConfigurationPlatforms) = preSolution
		Debug|Any CPU = Debug|Any CPU
		Release|Any CPU = Release|Any CPU
	EndGlobalSection
	GlobalSection(ProjectConfigurationPlatforms) = postSolution
		{475F1D16-27B5-4A6D-BB4A-F2B241CF1F2A}.Debug|Any CPU.ActiveCfg = Debug|Any CPU
		{475F1D16-27B5-4A6D-BB4A-F2B241CF1F2A}.Debug|Any CPU.Build.0 = Debug|Any CPU
		{475F1D16-27B5-4A6D-BB4A-F2B241CF1F2A}.Release|Any CPU.ActiveCfg = Release|Any CPU
		{475F1D16-27B5-4A6D-BB4A-F2B241CF1F2A}.Release|Any CPU.Build.0 = Release|Any CPU
		{080EA47B-2854-4560-BCF5-118779247A6F}.Debug|Any CPU.ActiveCfg = Debug|Any CPU
		{080EA47B-2854-4560-BCF5-118779247A6F}.Debug|Any CPU.Build.0 = Debug|Any CPU
		{080EA47B-2854-4560-BCF5-118779247A6F}.Release|Any CPU.ActiveCfg = Release|Any CPU
		{080EA47B-2854-4560-BCF5-118779247A6F}.Release|Any CPU.Build.0 = Release|Any CPU
	EndGlobalSection
	GlobalSection(SolutionProperties) = preSolution
		HideSolutionNode = FALSE
	EndGlobalSection
	GlobalSection(NestedProjects) = preSolution
		{080EA47B-2854-4560-BCF5-118779247A6F} = {3831D756-D8C0-4E9E-AFB2-351AF48CF4B7}
	EndGlobalSection
	GlobalSection(ExtensibilityGlobals) = postSolution
		SolutionGuid = {EA69C509-3C02-4A88-B138-25A0BC99B375}
	EndGlobalSection
EndGlobal
